
Microsoft Visual Studio Solution File, Format Version 12.00
# Visual Studio 14
VisualStudioVersion = 14.0.24720.0
MinimumVisualStudioVersion = 10.0.40219.1
Project("{FAE04EC0-301F-11D3-BF4B-00C04F79EFBC}") = "MagazinOnline.Domeniu", "MagazinOnline.Domeniu\MagazinOnline.Domeniu.csproj", "{CD3541D0-7FBA-4B07-9BC0-EB0F1FC4B6B0}"
EndProject
Project("{FAE04EC0-301F-11D3-BF4B-00C04F79EFBC}") = "MagazinOnline.UI", "MagazinOnline.UI\MagazinOnline.UI.csproj", "{120F5417-B4E3-4E2D-9339-BC20CB678BC9}"
EndProject
Global
	GlobalSection(SolutionConfigurationPlatforms) = preSolution
		Debug|Any CPU = Debug|Any CPU
		Release|Any CPU = Release|Any CPU
	EndGlobalSection
	GlobalSection(ProjectConfigurationPlatforms) = postSolution
		{CD3541D0-7FBA-4B07-9BC0-EB0F1FC4B6B0}.Debug|Any CPU.ActiveCfg = Debug|Any CPU
		{CD3541D0-7FBA-4B07-9BC0-EB0F1FC4B6B0}.Debug|Any CPU.Build.0 = Debug|Any CPU
		{CD3541D0-7FBA-4B07-9BC0-EB0F1FC4B6B0}.Release|Any CPU.ActiveCfg = Release|Any CPU
		{CD3541D0-7FBA-4B07-9BC0-EB0F1FC4B6B0}.Release|Any CPU.Build.0 = Release|Any CPU
		{120F5417-B4E3-4E2D-9339-BC20CB678BC9}.Debug|Any CPU.ActiveCfg = Debug|Any CPU
		{120F5417-B4E3-4E2D-9339-BC20CB678BC9}.Debug|Any CPU.Build.0 = Debug|Any CPU
		{120F5417-B4E3-4E2D-9339-BC20CB678BC9}.Release|Any CPU.ActiveCfg = Release|Any CPU
		{120F5417-B4E3-4E2D-9339-BC20CB678BC9}.Release|Any CPU.Build.0 = Release|Any CPU
	EndGlobalSection
	GlobalSection(SolutionProperties) = preSolution
		HideSolutionNode = FALSE
	EndGlobalSection
EndGlobal
